// !$*UTF8*$!
{
	archiveVersion = 1;
	classes = {
	};
	objectVersion = 56;
	objects = {

/* Begin PBXBuildFile section */
		881C05BF2A5E9A6900184AFA /* SlotMachineApp.swift in Sources */ = {isa = PBXBuildFile; fileRef = 881C05BE2A5E9A6900184AFA /* SlotMachineApp.swift */; };
		881C05C12A5E9A6900184AFA /* ContentView.swift in Sources */ = {isa = PBXBuildFile; fileRef = 881C05C02A5E9A6900184AFA /* ContentView.swift */; };
		881C05C32A5E9A6900184AFA /* Assets.xcassets in Resources */ = {isa = PBXBuildFile; fileRef = 881C05C22A5E9A6900184AFA /* Assets.xcassets */; };
		881C05C62A5E9A6900184AFA /* Preview Assets.xcassets in Resources */ = {isa = PBXBuildFile; fileRef = 881C05C52A5E9A6900184AFA /* Preview Assets.xcassets */; };
		881C05CD2A5E9C8100184AFA /* Sounds in Resources */ = {isa = PBXBuildFile; fileRef = 881C05CC2A5E9C8100184AFA /* Sounds */; };
		881C05D12A5E9CD800184AFA /* Launch Screen.storyboard in Resources */ = {isa = PBXBuildFile; fileRef = 881C05D02A5E9CD800184AFA /* Launch Screen.storyboard */; };
		881C05D32A5EA63000184AFA /* LogoView.swift in Sources */ = {isa = PBXBuildFile; fileRef = 881C05D22A5EA63000184AFA /* LogoView.swift */; };
		881C05D52A5EA66600184AFA /* Modifiers.swift in Sources */ = {isa = PBXBuildFile; fileRef = 881C05D42A5EA66600184AFA /* Modifiers.swift */; };
		881C05D72A5EB2AC00184AFA /* Extensions.swift in Sources */ = {isa = PBXBuildFile; fileRef = 881C05D62A5EB2AC00184AFA /* Extensions.swift */; };
		881C05D92A5EBA2700184AFA /* ReelView.swift in Sources */ = {isa = PBXBuildFile; fileRef = 881C05D82A5EBA2700184AFA /* ReelView.swift */; };
		881C05DB2A5EC1DC00184AFA /* InfoView.swift in Sources */ = {isa = PBXBuildFile; fileRef = 881C05DA2A5EC1DC00184AFA /* InfoView.swift */; };
		881C05DD2A5EDB2400184AFA /* PlaySound.swift in Sources */ = {isa = PBXBuildFile; fileRef = 881C05DC2A5EDB2400184AFA /* PlaySound.swift */; };
		881C05E42A5EE3B800184AFA /* Stickers.xcassets in Resources */ = {isa = PBXBuildFile; fileRef = 881C05E32A5EE3B800184AFA /* Stickers.xcassets */; };
		881C05E82A5EE3B800184AFA /* SlotMachineStickers.appex in Embed Foundation Extensions */ = {isa = PBXBuildFile; fileRef = 881C05E12A5EE3B700184AFA /* SlotMachineStickers.appex */; settings = {ATTRIBUTES = (RemoveHeadersOnCopy, ); }; };
/* End PBXBuildFile section */

/* Begin PBXContainerItemProxy section */
		881C05E62A5EE3B800184AFA /* PBXContainerItemProxy */ = {
			isa = PBXContainerItemProxy;
			containerPortal = 881C05B32A5E9A6900184AFA /* Project object */;
			proxyType = 1;
			remoteGlobalIDString = 881C05E02A5EE3B700184AFA;
			remoteInfo = SlotMachineStickers;
		};
/* End PBXContainerItemProxy section */

/* Begin PBXCopyFilesBuildPhase section */
		881C05EC2A5EE3B800184AFA /* Embed Foundation Extensions */ = {
			isa = PBXCopyFilesBuildPhase;
			buildActionMask = 2147483647;
			dstPath = "";
			dstSubfolderSpec = 13;
			files = (
				881C05E82A5EE3B800184AFA /* SlotMachineStickers.appex in Embed Foundation Extensions */,
			);
			name = "Embed Foundation Extensions";
			runOnlyForDeploymentPostprocessing = 0;
		};
/* End PBXCopyFilesBuildPhase section */

/* Begin PBXFileReference section */
		881C05BB2A5E9A6900184AFA /* SlotMachine.app */ = {isa = PBXFileReference; explicitFileType = wrapper.application; includeInIndex = 0; path = SlotMachine.app; sourceTree = BUILT_PRODUCTS_DIR; };
		881C05BE2A5E9A6900184AFA /* SlotMachineApp.swift */ = {isa = PBXFileReference; lastKnownFileType = sourcecode.swift; path = SlotMachineApp.swift; sourceTree = "<group>"; };
		881C05C02A5E9A6900184AFA /* ContentView.swift */ = {isa = PBXFileReference; lastKnownFileType = sourcecode.swift; path = ContentView.swift; sourceTree = "<group>"; };
		881C05C22A5E9A6900184AFA /* Assets.xcassets */ = {isa = PBXFileReference; lastKnownFileType = folder.assetcatalog; path = Assets.xcassets; sourceTree = "<group>"; };
		881C05C52A5E9A6900184AFA /* Preview Assets.xcassets */ = {isa = PBXFileReference; lastKnownFileType = folder.assetcatalog; path = "Preview Assets.xcassets"; sourceTree = "<group>"; };
		881C05CC2A5E9C8100184AFA /* Sounds */ = {isa = PBXFileReference; lastKnownFileType = folder; name = Sounds; path = ../../../Resources/Sounds; sourceTree = "<group>"; };
		881C05D02A5E9CD800184AFA /* Launch Screen.storyboard */ = {isa = PBXFileReference; lastKnownFileType = file.storyboard; path = "Launch Screen.storyboard"; sourceTree = "<group>"; };
		881C05D22A5EA63000184AFA /* LogoView.swift */ = {isa = PBXFileReference; lastKnownFileType = sourcecode.swift; path = LogoView.swift; sourceTree = "<group>"; };
		881C05D42A5EA66600184AFA /* Modifiers.swift */ = {isa = PBXFileReference; lastKnownFileType = sourcecode.swift; path = Modifiers.swift; sourceTree = "<group>"; };
		881C05D62A5EB2AC00184AFA /* Extensions.swift */ = {isa = PBXFileReference; lastKnownFileType = sourcecode.swift; path = Extensions.swift; sourceTree = "<group>"; };
		881C05D82A5EBA2700184AFA /* ReelView.swift */ = {isa = PBXFileReference; lastKnownFileType = sourcecode.swift; path = ReelView.swift; sourceTree = "<group>"; };
		881C05DA2A5EC1DC00184AFA /* InfoView.swift */ = {isa = PBXFileReference; lastKnownFileType = sourcecode.swift; path = InfoView.swift; sourceTree = "<group>"; };
		881C05DC2A5EDB2400184AFA /* PlaySound.swift */ = {isa = PBXFileReference; lastKnownFileType = sourcecode.swift; path = PlaySound.swift; sourceTree = "<group>"; };
		881C05DE2A5EDF2E00184AFA /* Info.plist */ = {isa = PBXFileReference; lastKnownFileType = text.plist; path = Info.plist; sourceTree = "<group>"; };
		881C05E12A5EE3B700184AFA /* SlotMachineStickers.appex */ = {isa = PBXFileReference; explicitFileType = "wrapper.app-extension"; includeInIndex = 0; path = SlotMachineStickers.appex; sourceTree = BUILT_PRODUCTS_DIR; };
		881C05E32A5EE3B800184AFA /* Stickers.xcassets */ = {isa = PBXFileReference; lastKnownFileType = folder.assetcatalog; path = Stickers.xcassets; sourceTree = "<group>"; };
		881C05E52A5EE3B800184AFA /* Info.plist */ = {isa = PBXFileReference; lastKnownFileType = text.plist.xml; path = Info.plist; sourceTree = "<group>"; };
/* End PBXFileReference section */

/* Begin PBXFrameworksBuildPhase section */
		881C05B82A5E9A6900184AFA /* Frameworks */ = {
			isa = PBXFrameworksBuildPhase;
			buildActionMask = 2147483647;
			files = (
			);
			runOnlyForDeploymentPostprocessing = 0;
		};
/* End PBXFrameworksBuildPhase section */

/* Begin PBXGroup section */
		881C05B22A5E9A6900184AFA = {
			isa = PBXGroup;
			children = (
				881C05BD2A5E9A6900184AFA /* SlotMachine */,
				881C05E22A5EE3B700184AFA /* SlotMachineStickers */,
				881C05BC2A5E9A6900184AFA /* Products */,
			);
			sourceTree = "<group>";
		};
		881C05BC2A5E9A6900184AFA /* Products */ = {
			isa = PBXGroup;
			children = (
				881C05BB2A5E9A6900184AFA /* SlotMachine.app */,
				881C05E12A5EE3B700184AFA /* SlotMachineStickers.appex */,
			);
			name = Products;
			sourceTree = "<group>";
		};
		881C05BD2A5E9A6900184AFA /* SlotMachine */ = {
			isa = PBXGroup;
			children = (
				881C05DE2A5EDF2E00184AFA /* Info.plist */,
				881C05CE2A5E9C8D00184AFA /* Views */,
				881C05CF2A5E9C9800184AFA /* Helpers */,
				881C05CC2A5E9C8100184AFA /* Sounds */,
				881C05C22A5E9A6900184AFA /* Assets.xcassets */,
				881C05BE2A5E9A6900184AFA /* SlotMachineApp.swift */,
				881C05D02A5E9CD800184AFA /* Launch Screen.storyboard */,
				881C05C42A5E9A6900184AFA /* Preview Content */,
			);
			path = SlotMachine;
			sourceTree = "<group>";
		};
		881C05C42A5E9A6900184AFA /* Preview Content */ = {
			isa = PBXGroup;
			children = (
				881C05C52A5E9A6900184AFA /* Preview Assets.xcassets */,
			);
			path = "Preview Content";
			sourceTree = "<group>";
		};
		881C05CE2A5E9C8D00184AFA /* Views */ = {
			isa = PBXGroup;
			children = (
				881C05C02A5E9A6900184AFA /* ContentView.swift */,
				881C05D22A5EA63000184AFA /* LogoView.swift */,
				881C05D82A5EBA2700184AFA /* ReelView.swift */,
				881C05DA2A5EC1DC00184AFA /* InfoView.swift */,
			);
			path = Views;
			sourceTree = "<group>";
		};
		881C05CF2A5E9C9800184AFA /* Helpers */ = {
			isa = PBXGroup;
			children = (
				881C05D42A5EA66600184AFA /* Modifiers.swift */,
				881C05D62A5EB2AC00184AFA /* Extensions.swift */,
				881C05DC2A5EDB2400184AFA /* PlaySound.swift */,
			);
			path = Helpers;
			sourceTree = "<group>";
		};
		881C05E22A5EE3B700184AFA /* SlotMachineStickers */ = {
			isa = PBXGroup;
			children = (
				881C05E32A5EE3B800184AFA /* Stickers.xcassets */,
				881C05E52A5EE3B800184AFA /* Info.plist */,
			);
			path = SlotMachineStickers;
			sourceTree = "<group>";
		};
/* End PBXGroup section */

/* Begin PBXNativeTarget section */
		881C05BA2A5E9A6900184AFA /* SlotMachine */ = {
			isa = PBXNativeTarget;
			buildConfigurationList = 881C05C92A5E9A6900184AFA /* Build configuration list for PBXNativeTarget "SlotMachine" */;
			buildPhases = (
				881C05B72A5E9A6900184AFA /* Sources */,
				881C05B82A5E9A6900184AFA /* Frameworks */,
				881C05B92A5E9A6900184AFA /* Resources */,
				881C05EC2A5EE3B800184AFA /* Embed Foundation Extensions */,
			);
			buildRules = (
			);
			dependencies = (
				881C05E72A5EE3B800184AFA /* PBXTargetDependency */,
			);
			name = SlotMachine;
			productName = SlotMachine;
			productReference = 881C05BB2A5E9A6900184AFA /* SlotMachine.app */;
			productType = "com.apple.product-type.application";
		};
		881C05E02A5EE3B700184AFA /* SlotMachineStickers */ = {
			isa = PBXNativeTarget;
			buildConfigurationList = 881C05E92A5EE3B800184AFA /* Build configuration list for PBXNativeTarget "SlotMachineStickers" */;
			buildPhases = (
				881C05DF2A5EE3B700184AFA /* Resources */,
			);
			buildRules = (
			);
			dependencies = (
			);
			name = SlotMachineStickers;
			productName = SlotMachineStickers;
			productReference = 881C05E12A5EE3B700184AFA /* SlotMachineStickers.appex */;
			productType = "com.apple.product-type.app-extension.messages-sticker-pack";
		};
/* End PBXNativeTarget section */

/* Begin PBXProject section */
		881C05B32A5E9A6900184AFA /* Project object */ = {
			isa = PBXProject;
			attributes = {
				BuildIndependentTargetsInParallel = 1;
				LastSwiftUpdateCheck = 1430;
				LastUpgradeCheck = 1430;
				TargetAttributes = {
					881C05BA2A5E9A6900184AFA = {
						CreatedOnToolsVersion = 14.3;
					};
					881C05E02A5EE3B700184AFA = {
						CreatedOnToolsVersion = 14.3;
					};
				};
			};
			buildConfigurationList = 881C05B62A5E9A6900184AFA /* Build configuration list for PBXProject "SlotMachine" */;
			compatibilityVersion = "Xcode 14.0";
			developmentRegion = en;
			hasScannedForEncodings = 0;
			knownRegions = (
				en,
				Base,
			);
			mainGroup = 881C05B22A5E9A6900184AFA;
			productRefGroup = 881C05BC2A5E9A6900184AFA /* Products */;
			projectDirPath = "";
			projectRoot = "";
			targets = (
				881C05BA2A5E9A6900184AFA /* SlotMachine */,
				881C05E02A5EE3B700184AFA /* SlotMachineStickers */,
			);
		};
/* End PBXProject section */

/* Begin PBXResourcesBuildPhase section */
		881C05B92A5E9A6900184AFA /* Resources */ = {
			isa = PBXResourcesBuildPhase;
			buildActionMask = 2147483647;
			files = (
				881C05CD2A5E9C8100184AFA /* Sounds in Resources */,
				881C05C62A5E9A6900184AFA /* Preview Assets.xcassets in Resources */,
				881C05D12A5E9CD800184AFA /* Launch Screen.storyboard in Resources */,
				881C05C32A5E9A6900184AFA /* Assets.xcassets in Resources */,
			);
			runOnlyForDeploymentPostprocessing = 0;
		};
		881C05DF2A5EE3B700184AFA /* Resources */ = {
			isa = PBXResourcesBuildPhase;
			buildActionMask = 2147483647;
			files = (
				881C05E42A5EE3B800184AFA /* Stickers.xcassets in Resources */,
			);
			runOnlyForDeploymentPostprocessing = 0;
		};
/* End PBXResourcesBuildPhase section */

/* Begin PBXSourcesBuildPhase section */
		881C05B72A5E9A6900184AFA /* Sources */ = {
			isa = PBXSourcesBuildPhase;
			buildActionMask = 2147483647;
			files = (
				881C05D92A5EBA2700184AFA /* ReelView.swift in Sources */,
				881C05DD2A5EDB2400184AFA /* PlaySound.swift in Sources */,
				881C05D72A5EB2AC00184AFA /* Extensions.swift in Sources */,
				881C05D52A5EA66600184AFA /* Modifiers.swift in Sources */,
				881C05C12A5E9A6900184AFA /* ContentView.swift in Sources */,
				881C05D32A5EA63000184AFA /* LogoView.swift in Sources */,
				881C05BF2A5E9A6900184AFA /* SlotMachineApp.swift in Sources */,
				881C05DB2A5EC1DC00184AFA /* InfoView.swift in Sources */,
			);
			runOnlyForDeploymentPostprocessing = 0;
		};
/* End PBXSourcesBuildPhase section */

/* Begin PBXTargetDependency section */
		881C05E72A5EE3B800184AFA /* PBXTargetDependency */ = {
			isa = PBXTargetDependency;
			target = 881C05E02A5EE3B700184AFA /* SlotMachineStickers */;
			targetProxy = 881C05E62A5EE3B800184AFA /* PBXContainerItemProxy */;
		};
/* End PBXTargetDependency section */

/* Begin XCBuildConfiguration section */
		881C05C72A5E9A6900184AFA /* Debug */ = {
			isa = XCBuildConfiguration;
			buildSettings = {
				ALWAYS_SEARCH_USER_PATHS = NO;
				CLANG_ANALYZER_NONNULL = YES;
				CLANG_ANALYZER_NUMBER_OBJECT_CONVERSION = YES_AGGRESSIVE;
				CLANG_CXX_LANGUAGE_STANDARD = "gnu++20";
				CLANG_ENABLE_MODULES = YES;
				CLANG_ENABLE_OBJC_ARC = YES;
				CLANG_ENABLE_OBJC_WEAK = YES;
				CLANG_WARN_BLOCK_CAPTURE_AUTORELEASING = YES;
				CLANG_WARN_BOOL_CONVERSION = YES;
				CLANG_WARN_COMMA = YES;
				CLANG_WARN_CONSTANT_CONVERSION = YES;
				CLANG_WARN_DEPRECATED_OBJC_IMPLEMENTATIONS = YES;
				CLANG_WARN_DIRECT_OBJC_ISA_USAGE = YES_ERROR;
				CLANG_WARN_DOCUMENTATION_COMMENTS = YES;
				CLANG_WARN_EMPTY_BODY = YES;
				CLANG_WARN_ENUM_CONVERSION = YES;
				CLANG_WARN_INFINITE_RECURSION = YES;
				CLANG_WARN_INT_CONVERSION = YES;
				CLANG_WARN_NON_LITERAL_NULL_CONVERSION = YES;
				CLANG_WARN_OBJC_IMPLICIT_RETAIN_SELF = YES;
				CLANG_WARN_OBJC_LITERAL_CONVERSION = YES;
				CLANG_WARN_OBJC_ROOT_CLASS = YES_ERROR;
				CLANG_WARN_QUOTED_INCLUDE_IN_FRAMEWORK_HEADER = YES;
				CLANG_WARN_RANGE_LOOP_ANALYSIS = YES;
				CLANG_WARN_STRICT_PROTOTYPES = YES;
				CLANG_WARN_SUSPICIOUS_MOVE = YES;
				CLANG_WARN_UNGUARDED_AVAILABILITY = YES_AGGRESSIVE;
				CLANG_WARN_UNREACHABLE_CODE = YES;
				CLANG_WARN__DUPLICATE_METHOD_MATCH = YES;
				COPY_PHASE_STRIP = NO;
				DEBUG_INFORMATION_FORMAT = dwarf;
				ENABLE_STRICT_OBJC_MSGSEND = YES;
				ENABLE_TESTABILITY = YES;
				GCC_C_LANGUAGE_STANDARD = gnu11;
				GCC_DYNAMIC_NO_PIC = NO;
				GCC_NO_COMMON_BLOCKS = YES;
				GCC_OPTIMIZATION_LEVEL = 0;
				GCC_PREPROCESSOR_DEFINITIONS = (
					"DEBUG=1",
					"$(inherited)",
				);
				GCC_WARN_64_TO_32_BIT_CONVERSION = YES;
				GCC_WARN_ABOUT_RETURN_TYPE = YES_ERROR;
				GCC_WARN_UNDECLARED_SELECTOR = YES;
				GCC_WARN_UNINITIALIZED_AUTOS = YES_AGGRESSIVE;
				GCC_WARN_UNUSED_FUNCTION = YES;
				GCC_WARN_UNUSED_VARIABLE = YES;
				IPHONEOS_DEPLOYMENT_TARGET = 16.4;
				MTL_ENABLE_DEBUG_INFO = INCLUDE_SOURCE;
				MTL_FAST_MATH = YES;
				ONLY_ACTIVE_ARCH = YES;
				SDKROOT = iphoneos;
				SWIFT_ACTIVE_COMPILATION_CONDITIONS = DEBUG;
				SWIFT_OPTIMIZATION_LEVEL = "-Onone";
			};
			name = Debug;
		};
		881C05C82A5E9A6900184AFA /* Release */ = {
			isa = XCBuildConfiguration;
			buildSettings = {
				ALWAYS_SEARCH_USER_PATHS = NO;
				CLANG_ANALYZER_NONNULL = YES;
				CLANG_ANALYZER_NUMBER_OBJECT_CONVERSION = YES_AGGRESSIVE;
				CLANG_CXX_LANGUAGE_STANDARD = "gnu++20";
				CLANG_ENABLE_MODULES = YES;
				CLANG_ENABLE_OBJC_ARC = YES;
				CLANG_ENABLE_OBJC_WEAK = YES;
				CLANG_WARN_BLOCK_CAPTURE_AUTORELEASING = YES;
				CLANG_WARN_BOOL_CONVERSION = YES;
				CLANG_WARN_COMMA = YES;
				CLANG_WARN_CONSTANT_CONVERSION = YES;
				CLANG_WARN_DEPRECATED_OBJC_IMPLEMENTATIONS = YES;
				CLANG_WARN_DIRECT_OBJC_ISA_USAGE = YES_ERROR;
				CLANG_WARN_DOCUMENTATION_COMMENTS = YES;
				CLANG_WARN_EMPTY_BODY = YES;
				CLANG_WARN_ENUM_CONVERSION = YES;
				CLANG_WARN_INFINITE_RECURSION = YES;
				CLANG_WARN_INT_CONVERSION = YES;
				CLANG_WARN_NON_LITERAL_NULL_CONVERSION = YES;
				CLANG_WARN_OBJC_IMPLICIT_RETAIN_SELF = YES;
				CLANG_WARN_OBJC_LITERAL_CONVERSION = YES;
				CLANG_WARN_OBJC_ROOT_CLASS = YES_ERROR;
				CLANG_WARN_QUOTED_INCLUDE_IN_FRAMEWORK_HEADER = YES;
				CLANG_WARN_RANGE_LOOP_ANALYSIS = YES;
				CLANG_WARN_STRICT_PROTOTYPES = YES;
				CLANG_WARN_SUSPICIOUS_MOVE = YES;
				CLANG_WARN_UNGUARDED_AVAILABILITY = YES_AGGRESSIVE;
				CLANG_WARN_UNREACHABLE_CODE = YES;
				CLANG_WARN__DUPLICATE_METHOD_MATCH = YES;
				COPY_PHASE_STRIP = NO;
				DEBUG_INFORMATION_FORMAT = "dwarf-with-dsym";
				ENABLE_NS_ASSERTIONS = NO;
				ENABLE_STRICT_OBJC_MSGSEND = YES;
				GCC_C_LANGUAGE_STANDARD = gnu11;
				GCC_NO_COMMON_BLOCKS = YES;
				GCC_WARN_64_TO_32_BIT_CONVERSION = YES;
				GCC_WARN_ABOUT_RETURN_TYPE = YES_ERROR;
				GCC_WARN_UNDECLARED_SELECTOR = YES;
				GCC_WARN_UNINITIALIZED_AUTOS = YES_AGGRESSIVE;
				GCC_WARN_UNUSED_FUNCTION = YES;
				GCC_WARN_UNUSED_VARIABLE = YES;
				IPHONEOS_DEPLOYMENT_TARGET = 16.4;
				MTL_ENABLE_DEBUG_INFO = NO;
				MTL_FAST_MATH = YES;
				SDKROOT = iphoneos;
				SWIFT_COMPILATION_MODE = wholemodule;
				SWIFT_OPTIMIZATION_LEVEL = "-O";
				VALIDATE_PRODUCT = YES;
			};
			name = Release;
		};
		881C05CA2A5E9A6900184AFA /* Debug */ = {
			isa = XCBuildConfiguration;
			buildSettings = {
				ASSETCATALOG_COMPILER_APPICON_NAME = AppIcon;
				ASSETCATALOG_COMPILER_GLOBAL_ACCENT_COLOR_NAME = AccentColor;
				CODE_SIGN_STYLE = Automatic;
				CURRENT_PROJECT_VERSION = 1;
				DEVELOPMENT_ASSET_PATHS = "\"SlotMachine/Preview Content\"";
				ENABLE_PREVIEWS = YES;
				GENERATE_INFOPLIST_FILE = YES;
				INFOPLIST_FILE = SlotMachine/Info.plist;
				INFOPLIST_KEY_UIApplicationSceneManifest_Generation = YES;
				INFOPLIST_KEY_UIApplicationSupportsIndirectInputEvents = YES;
				INFOPLIST_KEY_UILaunchScreen_Generation = YES;
				INFOPLIST_KEY_UILaunchStoryboardName = "Launch Screen.storyboard";
				INFOPLIST_KEY_UIStatusBarStyle = UIStatusBarStyleLightContent;
				INFOPLIST_KEY_UISupportedInterfaceOrientations = UIInterfaceOrientationPortrait;
				INFOPLIST_KEY_UISupportedInterfaceOrientations_iPad = "UIInterfaceOrientationPortrait UIInterfaceOrientationPortraitUpsideDown";
				LD_RUNPATH_SEARCH_PATHS = (
					"$(inherited)",
					"@executable_path/Frameworks",
				);
				MARKETING_VERSION = 1.0;
				PRODUCT_BUNDLE_IDENTIFIER = com.Frank.SlotMachine;
				PRODUCT_NAME = "$(TARGET_NAME)";
				SWIFT_EMIT_LOC_STRINGS = YES;
				SWIFT_VERSION = 5.0;
				TARGETED_DEVICE_FAMILY = "1,2";
			};
			name = Debug;
		};
		881C05CB2A5E9A6900184AFA /* Release */ = {
			isa = XCBuildConfiguration;
			buildSettings = {
				ASSETCATALOG_COMPILER_APPICON_NAME = AppIcon;
				ASSETCATALOG_COMPILER_GLOBAL_ACCENT_COLOR_NAME = AccentColor;
				CODE_SIGN_STYLE = Automatic;
				CURRENT_PROJECT_VERSION = 1;
				DEVELOPMENT_ASSET_PATHS = "\"SlotMachine/Preview Content\"";
				ENABLE_PREVIEWS = YES;
				GENERATE_INFOPLIST_FILE = YES;
				INFOPLIST_FILE = SlotMachine/Info.plist;
				INFOPLIST_KEY_UIApplicationSceneManifest_Generation = YES;
				INFOPLIST_KEY_UIApplicationSupportsIndirectInputEvents = YES;
				INFOPLIST_KEY_UILaunchScreen_Generation = YES;
				INFOPLIST_KEY_UILaunchStoryboardName = "Launch Screen.storyboard";
				INFOPLIST_KEY_UIStatusBarStyle = UIStatusBarStyleLightContent;
				INFOPLIST_KEY_UISupportedInterfaceOrientations = UIInterfaceOrientationPortrait;
				INFOPLIST_KEY_UISupportedInterfaceOrientations_iPad = "UIInterfaceOrientationPortrait UIInterfaceOrientationPortraitUpsideDown";
				LD_RUNPATH_SEARCH_PATHS = (
					"$(inherited)",
					"@executable_path/Frameworks",
				);
				MARKETING_VERSION = 1.0;
				PRODUCT_BUNDLE_IDENTIFIER = com.Frank.SlotMachine;
				PRODUCT_NAME = "$(TARGET_NAME)";
				SWIFT_EMIT_LOC_STRINGS = YES;
				SWIFT_VERSION = 5.0;
				TARGETED_DEVICE_FAMILY = "1,2";
			};
			name = Release;
		};
		881C05EA2A5EE3B800184AFA /* Debug */ = {
			isa = XCBuildConfiguration;
			buildSettings = {
				ASSETCATALOG_COMPILER_APPICON_NAME = "iMessage App Icon";
				CODE_SIGN_STYLE = Automatic;
				CURRENT_PROJECT_VERSION = 1;
				GENERATE_INFOPLIST_FILE = YES;
				INFOPLIST_FILE = SlotMachineStickers/Info.plist;
				MARKETING_VERSION = 1.0;
				PRODUCT_BUNDLE_IDENTIFIER = com.Frank.SlotMachine.SlotMachineStickers;
				PRODUCT_NAME = "$(TARGET_NAME)";
				SKIP_INSTALL = YES;
				SWIFT_EMIT_LOC_STRINGS = YES;
				TARGETED_DEVICE_FAMILY = "1,2";
			};
			name = Debug;
		};
		881C05EB2A5EE3B800184AFA /* Release */ = {
			isa = XCBuildConfiguration;
			buildSettings = {
				ASSETCATALOG_COMPILER_APPICON_NAME = "iMessage App Icon";
				CODE_SIGN_STYLE = Automatic;
				CURRENT_PROJECT_VERSION = 1;
				GENERATE_INFOPLIST_FILE = YES;
				INFOPLIST_FILE = SlotMachineStickers/Info.plist;
				MARKETING_VERSION = 1.0;
				PRODUCT_BUNDLE_IDENTIFIER = com.Frank.SlotMachine.SlotMachineStickers;
				PRODUCT_NAME = "$(TARGET_NAME)";
				SKIP_INSTALL = YES;
				SWIFT_EMIT_LOC_STRINGS = YES;
				TARGETED_DEVICE_FAMILY = "1,2";
			};
			name = Release;
		};
/* End XCBuildConfiguration section */

/* Begin XCConfigurationList section */
		881C05B62A5E9A6900184AFA /* Build configuration list for PBXProject "SlotMachine" */ = {
			isa = XCConfigurationList;
			buildConfigurations = (
				881C05C72A5E9A6900184AFA /* Debug */,
				881C05C82A5E9A6900184AFA /* Release */,
			);
			defaultConfigurationIsVisible = 0;
			defaultConfigurationName = Release;
		};
		881C05C92A5E9A6900184AFA /* Build configuration list for PBXNativeTarget "SlotMachine" */ = {
			isa = XCConfigurationList;
			buildConfigurations = (
				881C05CA2A5E9A6900184AFA /* Debug */,
				881C05CB2A5E9A6900184AFA /* Release */,
			);
			defaultConfigurationIsVisible = 0;
			defaultConfigurationName = Release;
		};
		881C05E92A5EE3B800184AFA /* Build configuration list for PBXNativeTarget "SlotMachineStickers" */ = {
			isa = XCConfigurationList;
			buildConfigurations = (
				881C05EA2A5EE3B800184AFA /* Debug */,
				881C05EB2A5EE3B800184AFA /* Release */,
			);
			defaultConfigurationIsVisible = 0;
			defaultConfigurationName = Release;
		};
/* End XCConfigurationList section */
	};
	rootObject = 881C05B32A5E9A6900184AFA /* Project object */;
}
