// !$*UTF8*$!
{
	archiveVersion = 1;
	classes = {
	};
	objectVersion = 56;
	objects = {

/* Begin PBXBuildFile section */
		A29D71232A55AB3600998247 /* FructusApp.swift in Sources */ = {isa = PBXBuildFile; fileRef = A29D71222A55AB3600998247 /* FructusApp.swift */; };
		A29D71252A55AB3600998247 /* ContentView.swift in Sources */ = {isa = PBXBuildFile; fileRef = A29D71242A55AB3600998247 /* ContentView.swift */; };
		A29D71272A55AB3800998247 /* Assets.xcassets in Resources */ = {isa = PBXBuildFile; fileRef = A29D71262A55AB3800998247 /* Assets.xcassets */; };
		A29D712A2A55AB3800998247 /* Preview Assets.xcassets in Resources */ = {isa = PBXBuildFile; fileRef = A29D71292A55AB3800998247 /* Preview Assets.xcassets */; };
		A29D71332A55AB7200998247 /* SettingsRowView.swift in Sources */ = {isa = PBXBuildFile; fileRef = A29D71322A55AB7200998247 /* SettingsRowView.swift */; };
		A29D71352A55AB7E00998247 /* FruitCardView.swift in Sources */ = {isa = PBXBuildFile; fileRef = A29D71342A55AB7E00998247 /* FruitCardView.swift */; };
		A29D71372A55AB8D00998247 /* StartButtonView.swift in Sources */ = {isa = PBXBuildFile; fileRef = A29D71362A55AB8D00998247 /* StartButtonView.swift */; };
		A29D71392A55AB9900998247 /* FruitRowView.swift in Sources */ = {isa = PBXBuildFile; fileRef = A29D71382A55AB9900998247 /* FruitRowView.swift */; };
		A29D713B2A55ABA500998247 /* FruitHeaderView.swift in Sources */ = {isa = PBXBuildFile; fileRef = A29D713A2A55ABA500998247 /* FruitHeaderView.swift */; };
		A29D713D2A55ABB100998247 /* SourceLinkView.swift in Sources */ = {isa = PBXBuildFile; fileRef = A29D713C2A55ABB100998247 /* SourceLinkView.swift */; };
		A29D713F2A55ABC100998247 /* FruitNutrientsView.swift in Sources */ = {isa = PBXBuildFile; fileRef = A29D713E2A55ABC100998247 /* FruitNutrientsView.swift */; };
		A29D71412A55ABCC00998247 /* SettingsLabelView.swift in Sources */ = {isa = PBXBuildFile; fileRef = A29D71402A55ABCC00998247 /* SettingsLabelView.swift */; };
		A29D71432A55AC9A00998247 /* OnboardingView.swift in Sources */ = {isa = PBXBuildFile; fileRef = A29D71422A55AC9A00998247 /* OnboardingView.swift */; };
		A29D71452A55ACB100998247 /* FruitDetailView.swift in Sources */ = {isa = PBXBuildFile; fileRef = A29D71442A55ACB100998247 /* FruitDetailView.swift */; };
		A29D71472A55ACD300998247 /* SettingsView.swift in Sources */ = {isa = PBXBuildFile; fileRef = A29D71462A55ACD300998247 /* SettingsView.swift */; };
		A29D714B2A55ACFB00998247 /* FruitModel.swift in Sources */ = {isa = PBXBuildFile; fileRef = A29D714A2A55ACFB00998247 /* FruitModel.swift */; };
		A29D714D2A55AD1300998247 /* FruitData.swift in Sources */ = {isa = PBXBuildFile; fileRef = A29D714C2A55AD1300998247 /* FruitData.swift */; };
/* End PBXBuildFile section */

/* Begin PBXFileReference section */
		A29D711F2A55AB3600998247 /* FructusApp.app */ = {isa = PBXFileReference; explicitFileType = wrapper.application; includeInIndex = 0; path = FructusApp.app; sourceTree = BUILT_PRODUCTS_DIR; };
		A29D71222A55AB3600998247 /* FructusApp.swift */ = {isa = PBXFileReference; lastKnownFileType = sourcecode.swift; path = FructusApp.swift; sourceTree = "<group>"; };
		A29D71242A55AB3600998247 /* ContentView.swift */ = {isa = PBXFileReference; lastKnownFileType = sourcecode.swift; path = ContentView.swift; sourceTree = "<group>"; };
		A29D71262A55AB3800998247 /* Assets.xcassets */ = {isa = PBXFileReference; lastKnownFileType = folder.assetcatalog; path = Assets.xcassets; sourceTree = "<group>"; };
		A29D71292A55AB3800998247 /* Preview Assets.xcassets */ = {isa = PBXFileReference; lastKnownFileType = folder.assetcatalog; path = "Preview Assets.xcassets"; sourceTree = "<group>"; };
		A29D71322A55AB7200998247 /* SettingsRowView.swift */ = {isa = PBXFileReference; lastKnownFileType = sourcecode.swift; path = SettingsRowView.swift; sourceTree = "<group>"; };
		A29D71342A55AB7E00998247 /* FruitCardView.swift */ = {isa = PBXFileReference; lastKnownFileType = sourcecode.swift; path = FruitCardView.swift; sourceTree = "<group>"; };
		A29D71362A55AB8D00998247 /* StartButtonView.swift */ = {isa = PBXFileReference; lastKnownFileType = sourcecode.swift; path = StartButtonView.swift; sourceTree = "<group>"; };
		A29D71382A55AB9900998247 /* FruitRowView.swift */ = {isa = PBXFileReference; lastKnownFileType = sourcecode.swift; path = FruitRowView.swift; sourceTree = "<group>"; };
		A29D713A2A55ABA500998247 /* FruitHeaderView.swift */ = {isa = PBXFileReference; lastKnownFileType = sourcecode.swift; path = FruitHeaderView.swift; sourceTree = "<group>"; };
		A29D713C2A55ABB100998247 /* SourceLinkView.swift */ = {isa = PBXFileReference; lastKnownFileType = sourcecode.swift; path = SourceLinkView.swift; sourceTree = "<group>"; };
		A29D713E2A55ABC100998247 /* FruitNutrientsView.swift */ = {isa = PBXFileReference; lastKnownFileType = sourcecode.swift; path = FruitNutrientsView.swift; sourceTree = "<group>"; };
		A29D71402A55ABCC00998247 /* SettingsLabelView.swift */ = {isa = PBXFileReference; lastKnownFileType = sourcecode.swift; path = SettingsLabelView.swift; sourceTree = "<group>"; };
		A29D71422A55AC9A00998247 /* OnboardingView.swift */ = {isa = PBXFileReference; lastKnownFileType = sourcecode.swift; path = OnboardingView.swift; sourceTree = "<group>"; };
		A29D71442A55ACB100998247 /* FruitDetailView.swift */ = {isa = PBXFileReference; lastKnownFileType = sourcecode.swift; path = FruitDetailView.swift; sourceTree = "<group>"; };
		A29D71462A55ACD300998247 /* SettingsView.swift */ = {isa = PBXFileReference; lastKnownFileType = sourcecode.swift; path = SettingsView.swift; sourceTree = "<group>"; };
		A29D714A2A55ACFB00998247 /* FruitModel.swift */ = {isa = PBXFileReference; lastKnownFileType = sourcecode.swift; path = FruitModel.swift; sourceTree = "<group>"; };
		A29D714C2A55AD1300998247 /* FruitData.swift */ = {isa = PBXFileReference; lastKnownFileType = sourcecode.swift; path = FruitData.swift; sourceTree = "<group>"; };
/* End PBXFileReference section */

/* Begin PBXFrameworksBuildPhase section */
		A29D711C2A55AB3600998247 /* Frameworks */ = {
			isa = PBXFrameworksBuildPhase;
			buildActionMask = 2147483647;
			files = (
			);
			runOnlyForDeploymentPostprocessing = 0;
		};
/* End PBXFrameworksBuildPhase section */

/* Begin PBXGroup section */
		A29D71162A55AB3600998247 = {
			isa = PBXGroup;
			children = (
				A29D71212A55AB3600998247 /* FructusApp */,
				A29D71202A55AB3600998247 /* Products */,
			);
			sourceTree = "<group>";
		};
		A29D71202A55AB3600998247 /* Products */ = {
			isa = PBXGroup;
			children = (
				A29D711F2A55AB3600998247 /* FructusApp.app */,
			);
			name = Products;
			sourceTree = "<group>";
		};
		A29D71212A55AB3600998247 /* FructusApp */ = {
			isa = PBXGroup;
			children = (
				A29D71492A55ACEA00998247 /* Model */,
				A29D71482A55ACE400998247 /* Data */,
				A29D71312A55AB5000998247 /* View */,
				A29D71302A55AB4700998247 /* App */,
				A29D71262A55AB3800998247 /* Assets.xcassets */,
				A29D71282A55AB3800998247 /* Preview Content */,
			);
			path = FructusApp;
			sourceTree = "<group>";
		};
		A29D71282A55AB3800998247 /* Preview Content */ = {
			isa = PBXGroup;
			children = (
				A29D71292A55AB3800998247 /* Preview Assets.xcassets */,
			);
			path = "Preview Content";
			sourceTree = "<group>";
		};
		A29D71302A55AB4700998247 /* App */ = {
			isa = PBXGroup;
			children = (
				A29D71222A55AB3600998247 /* FructusApp.swift */,
				A29D71242A55AB3600998247 /* ContentView.swift */,
				A29D71422A55AC9A00998247 /* OnboardingView.swift */,
				A29D71442A55ACB100998247 /* FruitDetailView.swift */,
				A29D71462A55ACD300998247 /* SettingsView.swift */,
			);
			path = App;
			sourceTree = "<group>";
		};
		A29D71312A55AB5000998247 /* View */ = {
			isa = PBXGroup;
			children = (
				A29D71322A55AB7200998247 /* SettingsRowView.swift */,
				A29D71342A55AB7E00998247 /* FruitCardView.swift */,
				A29D71362A55AB8D00998247 /* StartButtonView.swift */,
				A29D71382A55AB9900998247 /* FruitRowView.swift */,
				A29D713A2A55ABA500998247 /* FruitHeaderView.swift */,
				A29D713C2A55ABB100998247 /* SourceLinkView.swift */,
				A29D713E2A55ABC100998247 /* FruitNutrientsView.swift */,
				A29D71402A55ABCC00998247 /* SettingsLabelView.swift */,
			);
			path = View;
			sourceTree = "<group>";
		};
		A29D71482A55ACE400998247 /* Data */ = {
			isa = PBXGroup;
			children = (
				A29D714C2A55AD1300998247 /* FruitData.swift */,
			);
			path = Data;
			sourceTree = "<group>";
		};
		A29D71492A55ACEA00998247 /* Model */ = {
			isa = PBXGroup;
			children = (
				A29D714A2A55ACFB00998247 /* FruitModel.swift */,
			);
			path = Model;
			sourceTree = "<group>";
		};
/* End PBXGroup section */

/* Begin PBXNativeTarget section */
		A29D711E2A55AB3600998247 /* FructusApp */ = {
			isa = PBXNativeTarget;
			buildConfigurationList = A29D712D2A55AB3800998247 /* Build configuration list for PBXNativeTarget "FructusApp" */;
			buildPhases = (
				A29D711B2A55AB3600998247 /* Sources */,
				A29D711C2A55AB3600998247 /* Frameworks */,
				A29D711D2A55AB3600998247 /* Resources */,
			);
			buildRules = (
			);
			dependencies = (
			);
			name = FructusApp;
			productName = FructusApp;
			productReference = A29D711F2A55AB3600998247 /* FructusApp.app */;
			productType = "com.apple.product-type.application";
		};
/* End PBXNativeTarget section */

/* Begin PBXProject section */
		A29D71172A55AB3600998247 /* Project object */ = {
			isa = PBXProject;
			attributes = {
				BuildIndependentTargetsInParallel = 1;
				LastSwiftUpdateCheck = 1430;
				LastUpgradeCheck = 1430;
				TargetAttributes = {
					A29D711E2A55AB3600998247 = {
						CreatedOnToolsVersion = 14.3;
					};
				};
			};
			buildConfigurationList = A29D711A2A55AB3600998247 /* Build configuration list for PBXProject "FructusApp" */;
			compatibilityVersion = "Xcode 14.0";
			developmentRegion = en;
			hasScannedForEncodings = 0;
			knownRegions = (
				en,
				Base,
			);
			mainGroup = A29D71162A55AB3600998247;
			productRefGroup = A29D71202A55AB3600998247 /* Products */;
			projectDirPath = "";
			projectRoot = "";
			targets = (
				A29D711E2A55AB3600998247 /* FructusApp */,
			);
		};
/* End PBXProject section */

/* Begin PBXResourcesBuildPhase section */
		A29D711D2A55AB3600998247 /* Resources */ = {
			isa = PBXResourcesBuildPhase;
			buildActionMask = 2147483647;
			files = (
				A29D712A2A55AB3800998247 /* Preview Assets.xcassets in Resources */,
				A29D71272A55AB3800998247 /* Assets.xcassets in Resources */,
			);
			runOnlyForDeploymentPostprocessing = 0;
		};
/* End PBXResourcesBuildPhase section */

/* Begin PBXSourcesBuildPhase section */
		A29D711B2A55AB3600998247 /* Sources */ = {
			isa = PBXSourcesBuildPhase;
			buildActionMask = 2147483647;
			files = (
				A29D71252A55AB3600998247 /* ContentView.swift in Sources */,
				A29D713F2A55ABC100998247 /* FruitNutrientsView.swift in Sources */,
				A29D71412A55ABCC00998247 /* SettingsLabelView.swift in Sources */,
				A29D713D2A55ABB100998247 /* SourceLinkView.swift in Sources */,
				A29D71452A55ACB100998247 /* FruitDetailView.swift in Sources */,
				A29D71352A55AB7E00998247 /* FruitCardView.swift in Sources */,
				A29D71392A55AB9900998247 /* FruitRowView.swift in Sources */,
				A29D71232A55AB3600998247 /* FructusApp.swift in Sources */,
				A29D714B2A55ACFB00998247 /* FruitModel.swift in Sources */,
				A29D71372A55AB8D00998247 /* StartButtonView.swift in Sources */,
				A29D713B2A55ABA500998247 /* FruitHeaderView.swift in Sources */,
				A29D714D2A55AD1300998247 /* FruitData.swift in Sources */,
				A29D71332A55AB7200998247 /* SettingsRowView.swift in Sources */,
				A29D71432A55AC9A00998247 /* OnboardingView.swift in Sources */,
				A29D71472A55ACD300998247 /* SettingsView.swift in Sources */,
			);
			runOnlyForDeploymentPostprocessing = 0;
		};
/* End PBXSourcesBuildPhase section */

/* Begin XCBuildConfiguration section */
		A29D712B2A55AB3800998247 /* Debug */ = {
			isa = XCBuildConfiguration;
			buildSettings = {
				ALWAYS_SEARCH_USER_PATHS = NO;
				CLANG_ANALYZER_NONNULL = YES;
				CLANG_ANALYZER_NUMBER_OBJECT_CONVERSION = YES_AGGRESSIVE;
				CLANG_CXX_LANGUAGE_STANDARD = "gnu++20";
				CLANG_ENABLE_MODULES = YES;
				CLANG_ENABLE_OBJC_ARC = YES;
				CLANG_ENABLE_OBJC_WEAK = YES;
				CLANG_WARN_BLOCK_CAPTURE_AUTORELEASING = YES;
				CLANG_WARN_BOOL_CONVERSION = YES;
				CLANG_WARN_COMMA = YES;
				CLANG_WARN_CONSTANT_CONVERSION = YES;
				CLANG_WARN_DEPRECATED_OBJC_IMPLEMENTATIONS = YES;
				CLANG_WARN_DIRECT_OBJC_ISA_USAGE = YES_ERROR;
				CLANG_WARN_DOCUMENTATION_COMMENTS = YES;
				CLANG_WARN_EMPTY_BODY = YES;
				CLANG_WARN_ENUM_CONVERSION = YES;
				CLANG_WARN_INFINITE_RECURSION = YES;
				CLANG_WARN_INT_CONVERSION = YES;
				CLANG_WARN_NON_LITERAL_NULL_CONVERSION = YES;
				CLANG_WARN_OBJC_IMPLICIT_RETAIN_SELF = YES;
				CLANG_WARN_OBJC_LITERAL_CONVERSION = YES;
				CLANG_WARN_OBJC_ROOT_CLASS = YES_ERROR;
				CLANG_WARN_QUOTED_INCLUDE_IN_FRAMEWORK_HEADER = YES;
				CLANG_WARN_RANGE_LOOP_ANALYSIS = YES;
				CLANG_WARN_STRICT_PROTOTYPES = YES;
				CLANG_WARN_SUSPICIOUS_MOVE = YES;
				CLANG_WARN_UNGUARDED_AVAILABILITY = YES_AGGRESSIVE;
				CLANG_WARN_UNREACHABLE_CODE = YES;
				CLANG_WARN__DUPLICATE_METHOD_MATCH = YES;
				COPY_PHASE_STRIP = NO;
				DEBUG_INFORMATION_FORMAT = dwarf;
				ENABLE_STRICT_OBJC_MSGSEND = YES;
				ENABLE_TESTABILITY = YES;
				GCC_C_LANGUAGE_STANDARD = gnu11;
				GCC_DYNAMIC_NO_PIC = NO;
				GCC_NO_COMMON_BLOCKS = YES;
				GCC_OPTIMIZATION_LEVEL = 0;
				GCC_PREPROCESSOR_DEFINITIONS = (
					"DEBUG=1",
					"$(inherited)",
				);
				GCC_WARN_64_TO_32_BIT_CONVERSION = YES;
				GCC_WARN_ABOUT_RETURN_TYPE = YES_ERROR;
				GCC_WARN_UNDECLARED_SELECTOR = YES;
				GCC_WARN_UNINITIALIZED_AUTOS = YES_AGGRESSIVE;
				GCC_WARN_UNUSED_FUNCTION = YES;
				GCC_WARN_UNUSED_VARIABLE = YES;
				IPHONEOS_DEPLOYMENT_TARGET = 16.4;
				MTL_ENABLE_DEBUG_INFO = INCLUDE_SOURCE;
				MTL_FAST_MATH = YES;
				ONLY_ACTIVE_ARCH = YES;
				SDKROOT = iphoneos;
				SWIFT_ACTIVE_COMPILATION_CONDITIONS = DEBUG;
				SWIFT_OPTIMIZATION_LEVEL = "-Onone";
			};
			name = Debug;
		};
		A29D712C2A55AB3800998247 /* Release */ = {
			isa = XCBuildConfiguration;
			buildSettings = {
				ALWAYS_SEARCH_USER_PATHS = NO;
				CLANG_ANALYZER_NONNULL = YES;
				CLANG_ANALYZER_NUMBER_OBJECT_CONVERSION = YES_AGGRESSIVE;
				CLANG_CXX_LANGUAGE_STANDARD = "gnu++20";
				CLANG_ENABLE_MODULES = YES;
				CLANG_ENABLE_OBJC_ARC = YES;
				CLANG_ENABLE_OBJC_WEAK = YES;
				CLANG_WARN_BLOCK_CAPTURE_AUTORELEASING = YES;
				CLANG_WARN_BOOL_CONVERSION = YES;
				CLANG_WARN_COMMA = YES;
				CLANG_WARN_CONSTANT_CONVERSION = YES;
				CLANG_WARN_DEPRECATED_OBJC_IMPLEMENTATIONS = YES;
				CLANG_WARN_DIRECT_OBJC_ISA_USAGE = YES_ERROR;
				CLANG_WARN_DOCUMENTATION_COMMENTS = YES;
				CLANG_WARN_EMPTY_BODY = YES;
				CLANG_WARN_ENUM_CONVERSION = YES;
				CLANG_WARN_INFINITE_RECURSION = YES;
				CLANG_WARN_INT_CONVERSION = YES;
				CLANG_WARN_NON_LITERAL_NULL_CONVERSION = YES;
				CLANG_WARN_OBJC_IMPLICIT_RETAIN_SELF = YES;
				CLANG_WARN_OBJC_LITERAL_CONVERSION = YES;
				CLANG_WARN_OBJC_ROOT_CLASS = YES_ERROR;
				CLANG_WARN_QUOTED_INCLUDE_IN_FRAMEWORK_HEADER = YES;
				CLANG_WARN_RANGE_LOOP_ANALYSIS = YES;
				CLANG_WARN_STRICT_PROTOTYPES = YES;
				CLANG_WARN_SUSPICIOUS_MOVE = YES;
				CLANG_WARN_UNGUARDED_AVAILABILITY = YES_AGGRESSIVE;
				CLANG_WARN_UNREACHABLE_CODE = YES;
				CLANG_WARN__DUPLICATE_METHOD_MATCH = YES;
				COPY_PHASE_STRIP = NO;
				DEBUG_INFORMATION_FORMAT = "dwarf-with-dsym";
				ENABLE_NS_ASSERTIONS = NO;
				ENABLE_STRICT_OBJC_MSGSEND = YES;
				GCC_C_LANGUAGE_STANDARD = gnu11;
				GCC_NO_COMMON_BLOCKS = YES;
				GCC_WARN_64_TO_32_BIT_CONVERSION = YES;
				GCC_WARN_ABOUT_RETURN_TYPE = YES_ERROR;
				GCC_WARN_UNDECLARED_SELECTOR = YES;
				GCC_WARN_UNINITIALIZED_AUTOS = YES_AGGRESSIVE;
				GCC_WARN_UNUSED_FUNCTION = YES;
				GCC_WARN_UNUSED_VARIABLE = YES;
				IPHONEOS_DEPLOYMENT_TARGET = 16.4;
				MTL_ENABLE_DEBUG_INFO = NO;
				MTL_FAST_MATH = YES;
				SDKROOT = iphoneos;
				SWIFT_COMPILATION_MODE = wholemodule;
				SWIFT_OPTIMIZATION_LEVEL = "-O";
				VALIDATE_PRODUCT = YES;
			};
			name = Release;
		};
		A29D712E2A55AB3800998247 /* Debug */ = {
			isa = XCBuildConfiguration;
			buildSettings = {
				ASSETCATALOG_COMPILER_APPICON_NAME = AppIcon;
				ASSETCATALOG_COMPILER_GLOBAL_ACCENT_COLOR_NAME = AccentColor;
				CODE_SIGN_STYLE = Automatic;
				CURRENT_PROJECT_VERSION = 1;
				DEVELOPMENT_ASSET_PATHS = "\"FructusApp/Preview Content\"";
				ENABLE_PREVIEWS = YES;
				GENERATE_INFOPLIST_FILE = YES;
				INFOPLIST_KEY_UIApplicationSceneManifest_Generation = YES;
				INFOPLIST_KEY_UIApplicationSupportsIndirectInputEvents = YES;
				INFOPLIST_KEY_UILaunchScreen_Generation = YES;
				INFOPLIST_KEY_UISupportedInterfaceOrientations_iPad = "UIInterfaceOrientationPortrait UIInterfaceOrientationPortraitUpsideDown UIInterfaceOrientationLandscapeLeft UIInterfaceOrientationLandscapeRight";
				INFOPLIST_KEY_UISupportedInterfaceOrientations_iPhone = "UIInterfaceOrientationPortrait UIInterfaceOrientationLandscapeLeft UIInterfaceOrientationLandscapeRight";
				LD_RUNPATH_SEARCH_PATHS = (
					"$(inherited)",
					"@executable_path/Frameworks",
				);
				MARKETING_VERSION = 1.0;
				PRODUCT_BUNDLE_IDENTIFIER = com.seori.FructusApp;
				PRODUCT_NAME = "$(TARGET_NAME)";
				SWIFT_EMIT_LOC_STRINGS = YES;
				SWIFT_VERSION = 5.0;
				TARGETED_DEVICE_FAMILY = "1,2";
			};
			name = Debug;
		};
		A29D712F2A55AB3800998247 /* Release */ = {
			isa = XCBuildConfiguration;
			buildSettings = {
				ASSETCATALOG_COMPILER_APPICON_NAME = AppIcon;
				ASSETCATALOG_COMPILER_GLOBAL_ACCENT_COLOR_NAME = AccentColor;
				CODE_SIGN_STYLE = Automatic;
				CURRENT_PROJECT_VERSION = 1;
				DEVELOPMENT_ASSET_PATHS = "\"FructusApp/Preview Content\"";
				ENABLE_PREVIEWS = YES;
				GENERATE_INFOPLIST_FILE = YES;
				INFOPLIST_KEY_UIApplicationSceneManifest_Generation = YES;
				INFOPLIST_KEY_UIApplicationSupportsIndirectInputEvents = YES;
				INFOPLIST_KEY_UILaunchScreen_Generation = YES;
				INFOPLIST_KEY_UISupportedInterfaceOrientations_iPad = "UIInterfaceOrientationPortrait UIInterfaceOrientationPortraitUpsideDown UIInterfaceOrientationLandscapeLeft UIInterfaceOrientationLandscapeRight";
				INFOPLIST_KEY_UISupportedInterfaceOrientations_iPhone = "UIInterfaceOrientationPortrait UIInterfaceOrientationLandscapeLeft UIInterfaceOrientationLandscapeRight";
				LD_RUNPATH_SEARCH_PATHS = (
					"$(inherited)",
					"@executable_path/Frameworks",
				);
				MARKETING_VERSION = 1.0;
				PRODUCT_BUNDLE_IDENTIFIER = com.seori.FructusApp;
				PRODUCT_NAME = "$(TARGET_NAME)";
				SWIFT_EMIT_LOC_STRINGS = YES;
				SWIFT_VERSION = 5.0;
				TARGETED_DEVICE_FAMILY = "1,2";
			};
			name = Release;
		};
/* End XCBuildConfiguration section */

/* Begin XCConfigurationList section */
		A29D711A2A55AB3600998247 /* Build configuration list for PBXProject "FructusApp" */ = {
			isa = XCConfigurationList;
			buildConfigurations = (
				A29D712B2A55AB3800998247 /* Debug */,
				A29D712C2A55AB3800998247 /* Release */,
			);
			defaultConfigurationIsVisible = 0;
			defaultConfigurationName = Release;
		};
		A29D712D2A55AB3800998247 /* Build configuration list for PBXNativeTarget "FructusApp" */ = {
			isa = XCConfigurationList;
			buildConfigurations = (
				A29D712E2A55AB3800998247 /* Debug */,
				A29D712F2A55AB3800998247 /* Release */,
			);
			defaultConfigurationIsVisible = 0;
			defaultConfigurationName = Release;
		};
/* End XCConfigurationList section */
	};
	rootObject = A29D71172A55AB3600998247 /* Project object */;
}
